// !$*UTF8*$!
{
	archiveVersion = 1;
	classes = {
	};
	objectVersion = 46;
	objects = {

/* Begin PBXBuildFile section */
		D999C63B1E513C69001709E5 /* main.m in Sources */ = {isa = PBXBuildFile; fileRef = D999C63A1E513C69001709E5 /* main.m */; };
		D999C63E1E513C69001709E5 /* AppDelegate.m in Sources */ = {isa = PBXBuildFile; fileRef = D999C63D1E513C69001709E5 /* AppDelegate.m */; };
		D999C6411E513C69001709E5 /* ViewController.m in Sources */ = {isa = PBXBuildFile; fileRef = D999C6401E513C69001709E5 /* ViewController.m */; };
		D999C6441E513C69001709E5 /* Main.storyboard in Resources */ = {isa = PBXBuildFile; fileRef = D999C6421E513C69001709E5 /* Main.storyboard */; };
		D999C6461E513C69001709E5 /* Assets.xcassets in Resources */ = {isa = PBXBuildFile; fileRef = D999C6451E513C69001709E5 /* Assets.xcassets */; };
		D999C6491E513C69001709E5 /* LaunchScreen.storyboard in Resources */ = {isa = PBXBuildFile; fileRef = D999C6471E513C69001709E5 /* LaunchScreen.storyboard */; };
		D999C6541E513C69001709E5 /* FYMTests.m in Sources */ = {isa = PBXBuildFile; fileRef = D999C6531E513C69001709E5 /* FYMTests.m */; };
		D999C65F1E513C69001709E5 /* FYMUITests.m in Sources */ = {isa = PBXBuildFile; fileRef = D999C65E1E513C69001709E5 /* FYMUITests.m */; };
/* End PBXBuildFile section */

/* Begin PBXContainerItemProxy section */
		D999C6501E513C69001709E5 /* PBXContainerItemProxy */ = {
			isa = PBXContainerItemProxy;
			containerPortal = D999C62E1E513C68001709E5 /* Project object */;
			proxyType = 1;
			remoteGlobalIDString = D999C6351E513C69001709E5;
			remoteInfo = FYM;
		};
		D999C65B1E513C69001709E5 /* PBXContainerItemProxy */ = {
			isa = PBXContainerItemProxy;
			containerPortal = D999C62E1E513C68001709E5 /* Project object */;
			proxyType = 1;
			remoteGlobalIDString = D999C6351E513C69001709E5;
			remoteInfo = FYM;
		};
/* End PBXContainerItemProxy section */

/* Begin PBXFileReference section */
		D999C6361E513C69001709E5 /* FYM.app */ = {isa = PBXFileReference; explicitFileType = wrapper.application; includeInIndex = 0; path = FYM.app; sourceTree = BUILT_PRODUCTS_DIR; };
		D999C63A1E513C69001709E5 /* main.m */ = {isa = PBXFileReference; lastKnownFileType = sourcecode.c.objc; path = main.m; sourceTree = "<group>"; };
		D999C63C1E513C69001709E5 /* AppDelegate.h */ = {isa = PBXFileReference; lastKnownFileType = sourcecode.c.h; path = AppDelegate.h; sourceTree = "<group>"; };
		D999C63D1E513C69001709E5 /* AppDelegate.m */ = {isa = PBXFileReference; lastKnownFileType = sourcecode.c.objc; path = AppDelegate.m; sourceTree = "<group>"; };
		D999C63F1E513C69001709E5 /* ViewController.h */ = {isa = PBXFileReference; lastKnownFileType = sourcecode.c.h; path = ViewController.h; sourceTree = "<group>"; };
		D999C6401E513C69001709E5 /* ViewController.m */ = {isa = PBXFileReference; lastKnownFileType = sourcecode.c.objc; path = ViewController.m; sourceTree = "<group>"; };
		D999C6431E513C69001709E5 /* Base */ = {isa = PBXFileReference; lastKnownFileType = file.storyboard; name = Base; path = Base.lproj/Main.storyboard; sourceTree = "<group>"; };
		D999C6451E513C69001709E5 /* Assets.xcassets */ = {isa = PBXFileReference; lastKnownFileType = folder.assetcatalog; path = Assets.xcassets; sourceTree = "<group>"; };
		D999C6481E513C69001709E5 /* Base */ = {isa = PBXFileReference; lastKnownFileType = file.storyboard; name = Base; path = Base.lproj/LaunchScreen.storyboard; sourceTree = "<group>"; };
		D999C64A1E513C69001709E5 /* Info.plist */ = {isa = PBXFileReference; lastKnownFileType = text.plist.xml; path = Info.plist; sourceTree = "<group>"; };
		D999C64F1E513C69001709E5 /* FYMTests.xctest */ = {isa = PBXFileReference; explicitFileType = wrapper.cfbundle; includeInIndex = 0; path = FYMTests.xctest; sourceTree = BUILT_PRODUCTS_DIR; };
		D999C6531E513C69001709E5 /* FYMTests.m */ = {isa = PBXFileReference; lastKnownFileType = sourcecode.c.objc; path = FYMTests.m; sourceTree = "<group>"; };
		D999C6551E513C69001709E5 /* Info.plist */ = {isa = PBXFileReference; lastKnownFileType = text.plist.xml; path = Info.plist; sourceTree = "<group>"; };
		D999C65A1E513C69001709E5 /* FYMUITests.xctest */ = {isa = PBXFileReference; explicitFileType = wrapper.cfbundle; includeInIndex = 0; path = FYMUITests.xctest; sourceTree = BUILT_PRODUCTS_DIR; };
		D999C65E1E513C69001709E5 /* FYMUITests.m */ = {isa = PBXFileReference; lastKnownFileType = sourcecode.c.objc; path = FYMUITests.m; sourceTree = "<group>"; };
		D999C6601E513C69001709E5 /* Info.plist */ = {isa = PBXFileReference; lastKnownFileType = text.plist.xml; path = Info.plist; sourceTree = "<group>"; };
/* End PBXFileReference section */

/* Begin PBXFrameworksBuildPhase section */
		D999C6331E513C69001709E5 /* Frameworks */ = {
			isa = PBXFrameworksBuildPhase;
			buildActionMask = 2147483647;
			files = (
			);
			runOnlyForDeploymentPostprocessing = 0;
		};
		D999C64C1E513C69001709E5 /* Frameworks */ = {
			isa = PBXFrameworksBuildPhase;
			buildActionMask = 2147483647;
			files = (
			);
			runOnlyForDeploymentPostprocessing = 0;
		};
		D999C6571E513C69001709E5 /* Frameworks */ = {
			isa = PBXFrameworksBuildPhase;
			buildActionMask = 2147483647;
			files = (
			);
			runOnlyForDeploymentPostprocessing = 0;
		};
/* End PBXFrameworksBuildPhase section */

/* Begin PBXGroup section */
		D999C62D1E513C68001709E5 = {
			isa = PBXGroup;
			children = (
				D999C6381E513C69001709E5 /* FYM */,
				D999C6521E513C69001709E5 /* FYMTests */,
				D999C65D1E513C69001709E5 /* FYMUITests */,
				D999C6371E513C69001709E5 /* Products */,
			);
			sourceTree = "<group>";
		};
		D999C6371E513C69001709E5 /* Products */ = {
			isa = PBXGroup;
			children = (
				D999C6361E513C69001709E5 /* FYM.app */,
				D999C64F1E513C69001709E5 /* FYMTests.xctest */,
				D999C65A1E513C69001709E5 /* FYMUITests.xctest */,
			);
			name = Products;
			sourceTree = "<group>";
		};
		D999C6381E513C69001709E5 /* FYM */ = {
			isa = PBXGroup;
			children = (
				D999C63C1E513C69001709E5 /* AppDelegate.h */,
				D999C63D1E513C69001709E5 /* AppDelegate.m */,
				D999C63F1E513C69001709E5 /* ViewController.h */,
				D999C6401E513C69001709E5 /* ViewController.m */,
				D999C6421E513C69001709E5 /* Main.storyboard */,
				D999C6451E513C69001709E5 /* Assets.xcassets */,
				D999C6391E513C69001709E5 /* Supporting Files */,
				D999C6471E513C69001709E5 /* LaunchScreen.storyboard */,
				D999C64A1E513C69001709E5 /* Info.plist */,
			);
			path = FYM;
			sourceTree = "<group>";
		};
		D999C6391E513C69001709E5 /* Supporting Files */ = {
			isa = PBXGroup;
			children = (
				D999C63A1E513C69001709E5 /* main.m */,
			);
			name = "Supporting Files";
			sourceTree = "<group>";
		};
		D999C6521E513C69001709E5 /* FYMTests */ = {
			isa = PBXGroup;
			children = (
				D999C6531E513C69001709E5 /* FYMTests.m */,
				D999C6551E513C69001709E5 /* Info.plist */,
			);
			path = FYMTests;
			sourceTree = "<group>";
		};
		D999C65D1E513C69001709E5 /* FYMUITests */ = {
			isa = PBXGroup;
			children = (
				D999C65E1E513C69001709E5 /* FYMUITests.m */,
				D999C6601E513C69001709E5 /* Info.plist */,
			);
			path = FYMUITests;
			sourceTree = "<group>";
		};
/* End PBXGroup section */

/* Begin PBXNativeTarget section */
		D999C6351E513C69001709E5 /* FYM */ = {
			isa = PBXNativeTarget;
			buildConfigurationList = D999C6631E513C69001709E5 /* Build configuration list for PBXNativeTarget "FYM" */;
			buildPhases = (
				D999C6321E513C69001709E5 /* Sources */,
				D999C6331E513C69001709E5 /* Frameworks */,
				D999C6341E513C69001709E5 /* Resources */,
			);
			buildRules = (
			);
			dependencies = (
			);
			name = FYM;
			productName = FYM;
			productReference = D999C6361E513C69001709E5 /* FYM.app */;
			productType = "com.apple.product-type.application";
		};
		D999C64E1E513C69001709E5 /* FYMTests */ = {
			isa = PBXNativeTarget;
			buildConfigurationList = D999C6661E513C69001709E5 /* Build configuration list for PBXNativeTarget "FYMTests" */;
			buildPhases = (
				D999C64B1E513C69001709E5 /* Sources */,
				D999C64C1E513C69001709E5 /* Frameworks */,
				D999C64D1E513C69001709E5 /* Resources */,
			);
			buildRules = (
			);
			dependencies = (
				D999C6511E513C69001709E5 /* PBXTargetDependency */,
			);
			name = FYMTests;
			productName = FYMTests;
			productReference = D999C64F1E513C69001709E5 /* FYMTests.xctest */;
			productType = "com.apple.product-type.bundle.unit-test";
		};
		D999C6591E513C69001709E5 /* FYMUITests */ = {
			isa = PBXNativeTarget;
			buildConfigurationList = D999C6691E513C69001709E5 /* Build configuration list for PBXNativeTarget "FYMUITests" */;
			buildPhases = (
				D999C6561E513C69001709E5 /* Sources */,
				D999C6571E513C69001709E5 /* Frameworks */,
				D999C6581E513C69001709E5 /* Resources */,
			);
			buildRules = (
			);
			dependencies = (
				D999C65C1E513C69001709E5 /* PBXTargetDependency */,
			);
			name = FYMUITests;
			productName = FYMUITests;
			productReference = D999C65A1E513C69001709E5 /* FYMUITests.xctest */;
			productType = "com.apple.product-type.bundle.ui-testing";
		};
/* End PBXNativeTarget section */

/* Begin PBXProject section */
		D999C62E1E513C68001709E5 /* Project object */ = {
			isa = PBXProject;
			attributes = {
				LastUpgradeCheck = 0820;
				ORGANIZATIONNAME = "Sasha Sheng";
				TargetAttributes = {
					D999C6351E513C69001709E5 = {
						CreatedOnToolsVersion = 8.2.1;
						ProvisioningStyle = Automatic;
					};
					D999C64E1E513C69001709E5 = {
						CreatedOnToolsVersion = 8.2.1;
						ProvisioningStyle = Automatic;
						TestTargetID = D999C6351E513C69001709E5;
					};
					D999C6591E513C69001709E5 = {
						CreatedOnToolsVersion = 8.2.1;
						ProvisioningStyle = Automatic;
						TestTargetID = D999C6351E513C69001709E5;
					};
				};
			};
			buildConfigurationList = D999C6311E513C68001709E5 /* Build configuration list for PBXProject "FYM" */;
			compatibilityVersion = "Xcode 3.2";
			developmentRegion = English;
			hasScannedForEncodings = 0;
			knownRegions = (
				en,
				Base,
			);
			mainGroup = D999C62D1E513C68001709E5;
			productRefGroup = D999C6371E513C69001709E5 /* Products */;
			projectDirPath = "";
			projectRoot = "";
			targets = (
				D999C6351E513C69001709E5 /* FYM */,
				D999C64E1E513C69001709E5 /* FYMTests */,
				D999C6591E513C69001709E5 /* FYMUITests */,
			);
		};
/* End PBXProject section */

/* Begin PBXResourcesBuildPhase section */
		D999C6341E513C69001709E5 /* Resources */ = {
			isa = PBXResourcesBuildPhase;
			buildActionMask = 2147483647;
			files = (
				D999C6491E513C69001709E5 /* LaunchScreen.storyboard in Resources */,
				D999C6461E513C69001709E5 /* Assets.xcassets in Resources */,
				D999C6441E513C69001709E5 /* Main.storyboard in Resources */,
			);
			runOnlyForDeploymentPostprocessing = 0;
		};
		D999C64D1E513C69001709E5 /* Resources */ = {
			isa = PBXResourcesBuildPhase;
			buildActionMask = 2147483647;
			files = (
			);
			runOnlyForDeploymentPostprocessing = 0;
		};
		D999C6581E513C69001709E5 /* Resources */ = {
			isa = PBXResourcesBuildPhase;
			buildActionMask = 2147483647;
			files = (
			);
			runOnlyForDeploymentPostprocessing = 0;
		};
/* End PBXResourcesBuildPhase section */

/* Begin PBXSourcesBuildPhase section */
		D999C6321E513C69001709E5 /* Sources */ = {
			isa = PBXSourcesBuildPhase;
			buildActionMask = 2147483647;
			files = (
				D999C6411E513C69001709E5 /* ViewController.m in Sources */,
				D999C63E1E513C69001709E5 /* AppDelegate.m in Sources */,
				D999C63B1E513C69001709E5 /* main.m in Sources */,
			);
			runOnlyForDeploymentPostprocessing = 0;
		};
		D999C64B1E513C69001709E5 /* Sources */ = {
			isa = PBXSourcesBuildPhase;
			buildActionMask = 2147483647;
			files = (
				D999C6541E513C69001709E5 /* FYMTests.m in Sources */,
			);
			runOnlyForDeploymentPostprocessing = 0;
		};
		D999C6561E513C69001709E5 /* Sources */ = {
			isa = PBXSourcesBuildPhase;
			buildActionMask = 2147483647;
			files = (
				D999C65F1E513C69001709E5 /* FYMUITests.m in Sources */,
			);
			runOnlyForDeploymentPostprocessing = 0;
		};
/* End PBXSourcesBuildPhase section */

/* Begin PBXTargetDependency section */
		D999C6511E513C69001709E5 /* PBXTargetDependency */ = {
			isa = PBXTargetDependency;
			target = D999C6351E513C69001709E5 /* FYM */;
			targetProxy = D999C6501E513C69001709E5 /* PBXContainerItemProxy */;
		};
		D999C65C1E513C69001709E5 /* PBXTargetDependency */ = {
			isa = PBXTargetDependency;
			target = D999C6351E513C69001709E5 /* FYM */;
			targetProxy = D999C65B1E513C69001709E5 /* PBXContainerItemProxy */;
		};
/* End PBXTargetDependency section */

/* Begin PBXVariantGroup section */
		D999C6421E513C69001709E5 /* Main.storyboard */ = {
			isa = PBXVariantGroup;
			children = (
				D999C6431E513C69001709E5 /* Base */,
			);
			name = Main.storyboard;
			sourceTree = "<group>";
		};
		D999C6471E513C69001709E5 /* LaunchScreen.storyboard */ = {
			isa = PBXVariantGroup;
			children = (
				D999C6481E513C69001709E5 /* Base */,
			);
			name = LaunchScreen.storyboard;
			sourceTree = "<group>";
		};
/* End PBXVariantGroup section */

/* Begin XCBuildConfiguration section */
		D999C6611E513C69001709E5 /* Debug */ = {
			isa = XCBuildConfiguration;
			buildSettings = {
				ALWAYS_SEARCH_USER_PATHS = NO;
				CLANG_ANALYZER_NONNULL = YES;
				CLANG_CXX_LANGUAGE_STANDARD = "gnu++0x";
				CLANG_CXX_LIBRARY = "libc++";
				CLANG_ENABLE_MODULES = YES;
				CLANG_ENABLE_OBJC_ARC = YES;
				CLANG_WARN_BOOL_CONVERSION = YES;
				CLANG_WARN_CONSTANT_CONVERSION = YES;
				CLANG_WARN_DIRECT_OBJC_ISA_USAGE = YES_ERROR;
				CLANG_WARN_DOCUMENTATION_COMMENTS = YES;
				CLANG_WARN_EMPTY_BODY = YES;
				CLANG_WARN_ENUM_CONVERSION = YES;
				CLANG_WARN_INFINITE_RECURSION = YES;
				CLANG_WARN_INT_CONVERSION = YES;
				CLANG_WARN_OBJC_ROOT_CLASS = YES_ERROR;
				CLANG_WARN_SUSPICIOUS_MOVE = YES;
				CLANG_WARN_UNREACHABLE_CODE = YES;
				CLANG_WARN__DUPLICATE_METHOD_MATCH = YES;
				"CODE_SIGN_IDENTITY[sdk=iphoneos*]" = "iPhone Developer";
				COPY_PHASE_STRIP = NO;
				DEBUG_INFORMATION_FORMAT = dwarf;
				ENABLE_STRICT_OBJC_MSGSEND = YES;
				ENABLE_TESTABILITY = YES;
				GCC_C_LANGUAGE_STANDARD = gnu99;
				GCC_DYNAMIC_NO_PIC = NO;
				GCC_NO_COMMON_BLOCKS = YES;
				GCC_OPTIMIZATION_LEVEL = 0;
				GCC_PREPROCESSOR_DEFINITIONS = (
					"DEBUG=1",
					"$(inherited)",
				);
				GCC_WARN_64_TO_32_BIT_CONVERSION = YES;
				GCC_WARN_ABOUT_RETURN_TYPE = YES_ERROR;
				GCC_WARN_UNDECLARED_SELECTOR = YES;
				GCC_WARN_UNINITIALIZED_AUTOS = YES_AGGRESSIVE;
				GCC_WARN_UNUSED_FUNCTION = YES;
				GCC_WARN_UNUSED_VARIABLE = YES;
				IPHONEOS_DEPLOYMENT_TARGET = 10.2;
				MTL_ENABLE_DEBUG_INFO = YES;
				ONLY_ACTIVE_ARCH = YES;
				SDKROOT = iphoneos;
				TARGETED_DEVICE_FAMILY = "1,2";
			};
			name = Debug;
		};
		D999C6621E513C69001709E5 /* Release */ = {
			isa = XCBuildConfiguration;
			buildSettings = {
				ALWAYS_SEARCH_USER_PATHS = NO;
				CLANG_ANALYZER_NONNULL = YES;
				CLANG_CXX_LANGUAGE_STANDARD = "gnu++0x";
				CLANG_CXX_LIBRARY = "libc++";
				CLANG_ENABLE_MODULES = YES;
				CLANG_ENABLE_OBJC_ARC = YES;
				CLANG_WARN_BOOL_CONVERSION = YES;
				CLANG_WARN_CONSTANT_CONVERSION = YES;
				CLANG_WARN_DIRECT_OBJC_ISA_USAGE = YES_ERROR;
				CLANG_WARN_DOCUMENTATION_COMMENTS = YES;
				CLANG_WARN_EMPTY_BODY = YES;
				CLANG_WARN_ENUM_CONVERSION = YES;
				CLANG_WARN_INFINITE_RECURSION = YES;
				CLANG_WARN_INT_CONVERSION = YES;
				CLANG_WARN_OBJC_ROOT_CLASS = YES_ERROR;
				CLANG_WARN_SUSPICIOUS_MOVE = YES;
				CLANG_WARN_UNREACHABLE_CODE = YES;
				CLANG_WARN__DUPLICATE_METHOD_MATCH = YES;
				"CODE_SIGN_IDENTITY[sdk=iphoneos*]" = "iPhone Developer";
				COPY_PHASE_STRIP = NO;
				DEBUG_INFORMATION_FORMAT = "dwarf-with-dsym";
				ENABLE_NS_ASSERTIONS = NO;
				ENABLE_STRICT_OBJC_MSGSEND = YES;
				GCC_C_LANGUAGE_STANDARD = gnu99;
				GCC_NO_COMMON_BLOCKS = YES;
				GCC_WARN_64_TO_32_BIT_CONVERSION = YES;
				GCC_WARN_ABOUT_RETURN_TYPE = YES_ERROR;
				GCC_WARN_UNDECLARED_SELECTOR = YES;
				GCC_WARN_UNINITIALIZED_AUTOS = YES_AGGRESSIVE;
				GCC_WARN_UNUSED_FUNCTION = YES;
				GCC_WARN_UNUSED_VARIABLE = YES;
				IPHONEOS_DEPLOYMENT_TARGET = 10.2;
				MTL_ENABLE_DEBUG_INFO = NO;
				SDKROOT = iphoneos;
				TARGETED_DEVICE_FAMILY = "1,2";
				VALIDATE_PRODUCT = YES;
			};
			name = Release;
		};
		D999C6641E513C69001709E5 /* Debug */ = {
			isa = XCBuildConfiguration;
			buildSettings = {
				ASSETCATALOG_COMPILER_APPICON_NAME = AppIcon;
				INFOPLIST_FILE = FYM/Info.plist;
				LD_RUNPATH_SEARCH_PATHS = "$(inherited) @executable_path/Frameworks";
				PRODUCT_BUNDLE_IDENTIFIER = FYM.FYM;
				PRODUCT_NAME = "$(TARGET_NAME)";
			};
			name = Debug;
		};
		D999C6651E513C69001709E5 /* Release */ = {
			isa = XCBuildConfiguration;
			buildSettings = {
				ASSETCATALOG_COMPILER_APPICON_NAME = AppIcon;
				INFOPLIST_FILE = FYM/Info.plist;
				LD_RUNPATH_SEARCH_PATHS = "$(inherited) @executable_path/Frameworks";
				PRODUCT_BUNDLE_IDENTIFIER = FYM.FYM;
				PRODUCT_NAME = "$(TARGET_NAME)";
			};
			name = Release;
		};
		D999C6671E513C69001709E5 /* Debug */ = {
			isa = XCBuildConfiguration;
			buildSettings = {
				BUNDLE_LOADER = "$(TEST_HOST)";
				INFOPLIST_FILE = FYMTests/Info.plist;
				LD_RUNPATH_SEARCH_PATHS = "$(inherited) @executable_path/Frameworks @loader_path/Frameworks";
				PRODUCT_BUNDLE_IDENTIFIER = FYM.FYMTests;
				PRODUCT_NAME = "$(TARGET_NAME)";
				TEST_HOST = "$(BUILT_PRODUCTS_DIR)/FYM.app/FYM";
			};
			name = Debug;
		};
		D999C6681E513C69001709E5 /* Release */ = {
			isa = XCBuildConfiguration;
			buildSettings = {
				BUNDLE_LOADER = "$(TEST_HOST)";
				INFOPLIST_FILE = FYMTests/Info.plist;
				LD_RUNPATH_SEARCH_PATHS = "$(inherited) @executable_path/Frameworks @loader_path/Frameworks";
				PRODUCT_BUNDLE_IDENTIFIER = FYM.FYMTests;
				PRODUCT_NAME = "$(TARGET_NAME)";
				TEST_HOST = "$(BUILT_PRODUCTS_DIR)/FYM.app/FYM";
			};
			name = Release;
		};
		D999C66A1E513C69001709E5 /* Debug */ = {
			isa = XCBuildConfiguration;
			buildSettings = {
				INFOPLIST_FILE = FYMUITests/Info.plist;
				LD_RUNPATH_SEARCH_PATHS = "$(inherited) @executable_path/Frameworks @loader_path/Frameworks";
				PRODUCT_BUNDLE_IDENTIFIER = FYM.FYMUITests;
				PRODUCT_NAME = "$(TARGET_NAME)";
				TEST_TARGET_NAME = FYM;
			};
			name = Debug;
		};
		D999C66B1E513C69001709E5 /* Release */ = {
			isa = XCBuildConfiguration;
			buildSettings = {
				INFOPLIST_FILE = FYMUITests/Info.plist;
				LD_RUNPATH_SEARCH_PATHS = "$(inherited) @executable_path/Frameworks @loader_path/Frameworks";
				PRODUCT_BUNDLE_IDENTIFIER = FYM.FYMUITests;
				PRODUCT_NAME = "$(TARGET_NAME)";
				TEST_TARGET_NAME = FYM;
			};
			name = Release;
		};
/* End XCBuildConfiguration section */

/* Begin XCConfigurationList section */
		D999C6311E513C68001709E5 /* Build configuration list for PBXProject "FYM" */ = {
			isa = XCConfigurationList;
			buildConfigurations = (
				D999C6611E513C69001709E5 /* Debug */,
				D999C6621E513C69001709E5 /* Release */,
			);
			defaultConfigurationIsVisible = 0;
			defaultConfigurationName = Release;
		};
		D999C6631E513C69001709E5 /* Build configuration list for PBXNativeTarget "FYM" */ = {
			isa = XCConfigurationList;
			buildConfigurations = (
				D999C6641E513C69001709E5 /* Debug */,
				D999C6651E513C69001709E5 /* Release */,
			);
			defaultConfigurationIsVisible = 0;
		};
		D999C6661E513C69001709E5 /* Build configuration list for PBXNativeTarget "FYMTests" */ = {
			isa = XCConfigurationList;
			buildConfigurations = (
				D999C6671E513C69001709E5 /* Debug */,
				D999C6681E513C69001709E5 /* Release */,
			);
			defaultConfigurationIsVisible = 0;
		};
		D999C6691E513C69001709E5 /* Build configuration list for PBXNativeTarget "FYMUITests" */ = {
			isa = XCConfigurationList;
			buildConfigurations = (
				D999C66A1E513C69001709E5 /* Debug */,
				D999C66B1E513C69001709E5 /* Release */,
			);
			defaultConfigurationIsVisible = 0;
		};
/* End XCConfigurationList section */
	};
	rootObject = D999C62E1E513C68001709E5 /* Project object */;
}
